{
  "name": "ifms-portfolio",
  "version": "1.0.0",
  "lockfileVersion": 3,
  "requires": true,
  "packages": {
    "": {
      "name": "ifms-portfolio",
      "version": "1.0.0",
      "license": "ISC",
      "dependencies": {
        "keyrune": "^3.12.2"
      }
    },
    "node_modules/keyrune": {
      "version": "3.12.2",
      "resolved": "https://registry.npmjs.org/keyrune/-/keyrune-3.12.2.tgz",
      "integrity": "sha512-UhLVpAaslxmNRFOY5Ej3HtuCMHy0LVGzxF6ssIR0p/VCIDBhxnj0ABzxNCGiAw4tGGmwY605pLP7XzOV9VkPnw==",
      "engines": {
        "node": "*"
      }
    }
  }
}
